
Microsoft Visual Studio Solution File, Format Version 12.00
# Visual Studio Version 16
VisualStudioVersion = 16.0.32002.261
MinimumVisualStudioVersion = 10.0.40219.1
Project("{FAE04EC0-301F-11D3-BF4B-00C04F79EFBC}") = "OnlineShoppingPortal", "OnlineShoppingPortal\OnlineShoppingPortal.csproj", "{3D2BAEF1-3043-449E-8D7A-EE71812C2A80}"
EndProject
Global
	GlobalSection(SolutionConfigurationPlatforms) = preSolution
		Debug|Any CPU = Debug|Any CPU
		Release|Any CPU = Release|Any CPU
	EndGlobalSection
	GlobalSection(ProjectConfigurationPlatforms) = postSolution
		{3D2BAEF1-3043-449E-8D7A-EE71812C2A80}.Debug|Any CPU.ActiveCfg = Debug|Any CPU
		{3D2BAEF1-3043-449E-8D7A-EE71812C2A80}.Debug|Any CPU.Build.0 = Debug|Any CPU
		{3D2BAEF1-3043-449E-8D7A-EE71812C2A80}.Release|Any CPU.ActiveCfg = Release|Any CPU
		{3D2BAEF1-3043-449E-8D7A-EE71812C2A80}.Release|Any CPU.Build.0 = Release|Any CPU
	EndGlobalSection
	GlobalSection(SolutionProperties) = preSolution
		HideSolutionNode = FALSE
	EndGlobalSection
	GlobalSection(ExtensibilityGlobals) = postSolution
		SolutionGuid = {B93A10D5-C9CE-4AD5-AF71-551D96A1F491}
	EndGlobalSection
EndGlobal
